# This file is automatically @generated by Poetry 1.6.1 and should not be changed by hand.

[[package]]
name = "ruff"
version = "0.1.1"
description = "An extremely fast Python linter, written in Rust."
optional = false
python-versions = ">=3.7"
files = [
    {file = "ruff-0.1.1-py3-none-macosx_10_7_x86_64.whl", hash = "sha256:b7cdc893aef23ccc14c54bd79a8109a82a2c527e11d030b62201d86f6c2b81c5"},
    {file = "ruff-0.1.1-py3-none-macosx_10_9_x86_64.macosx_11_0_arm64.macosx_10_9_universal2.whl", hash = "sha256:620d4b34302538dbd8bbbe8fdb8e8f98d72d29bd47e972e2b59ce6c1e8862257"},
    {file = "ruff-0.1.1-py3-none-manylinux_2_17_aarch64.manylinux2014_aarch64.whl", hash = "sha256:2a909d3930afdbc2e9fd893b0034479e90e7981791879aab50ce3d9f55205bd6"},
    {file = "ruff-0.1.1-py3-none-manylinux_2_17_armv7l.manylinux2014_armv7l.whl", hash = "sha256:3305d1cb4eb8ff6d3e63a48d1659d20aab43b49fe987b3ca4900528342367145"},
    {file = "ruff-0.1.1-py3-none-manylinux_2_17_i686.manylinux2014_i686.whl", hash = "sha256:c34ae501d0ec71acf19ee5d4d889e379863dcc4b796bf8ce2934a9357dc31db7"},
    {file = "ruff-0.1.1-py3-none-manylinux_2_17_ppc64.manylinux2014_ppc64.whl", hash = "sha256:6aa7e63c3852cf8fe62698aef31e563e97143a4b801b57f920012d0e07049a8d"},
    {file = "ruff-0.1.1-py3-none-manylinux_2_17_ppc64le.manylinux2014_ppc64le.whl", hash = "sha256:2d68367d1379a6b47e61bc9de144a47bcdb1aad7903bbf256e4c3d31f11a87ae"},
    {file = "ruff-0.1.1-py3-none-manylinux_2_17_s390x.manylinux2014_s390x.whl", hash = "sha256:bc11955f6ce3398d2afe81ad7e49d0ebf0a581d8bcb27b8c300281737735e3a3"},
    {file = "ruff-0.1.1-py3-none-manylinux_2_17_x86_64.manylinux2014_x86_64.whl", hash = "sha256:cbbd8eead88ea83a250499074e2a8e9d80975f0b324b1e2e679e4594da318c25"},
    {file = "ruff-0.1.1-py3-none-musllinux_1_2_aarch64.whl", hash = "sha256:f4780e2bb52f3863a565ec3f699319d3493b83ff95ebbb4993e59c62aaf6e75e"},
    {file = "ruff-0.1.1-py3-none-musllinux_1_2_armv7l.whl", hash = "sha256:8f5b24daddf35b6c207619301170cae5d2699955829cda77b6ce1e5fc69340df"},
    {file = "ruff-0.1.1-py3-none-musllinux_1_2_i686.whl", hash = "sha256:d3f9ac658ba29e07b95c80fa742b059a55aefffa8b1e078bc3c08768bdd4b11a"},
    {file = "ruff-0.1.1-py3-none-musllinux_1_2_x86_64.whl", hash = "sha256:3521bf910104bf781e6753282282acc145cbe3eff79a1ce6b920404cd756075a"},
    {file = "ruff-0.1.1-py3-none-win32.whl", hash = "sha256:ba3208543ab91d3e4032db2652dcb6c22a25787b85b8dc3aeff084afdc612e5c"},
    {file = "ruff-0.1.1-py3-none-win_amd64.whl", hash = "sha256:3ff3006c97d9dc396b87fb46bb65818e614ad0181f059322df82bbfe6944e264"},
    {file = "ruff-0.1.1-py3-none-win_arm64.whl", hash = "sha256:e140bd717c49164c8feb4f65c644046fe929c46f42493672853e3213d7bdbce2"},
    {file = "ruff-0.1.1.tar.gz", hash = "sha256:c90461ae4abec261609e5ea436de4a4b5f2822921cf04c16d2cc9327182dbbcc"},
]

[metadata]
lock-version = "2.0"
python-versions = "^3.10"
content-hash = "2e972084050685481e2b0b37dea2a97c17603504a2f68ebaa630b3d1360e1676"
